
Microsoft Visual Studio Solution File, Format Version 12.00
# Visual Studio Version 17
VisualStudioVersion = 17.2.32616.157
MinimumVisualStudioVersion = 10.0.40219.1
Project("{FAE04EC0-301F-11D3-BF4B-00C04F79EFBC}") = "ImportKokorin", "ImportKokorin\ImportKokorin.csproj", "{9FBB6F8D-7351-4824-BA3F-2A49E029B09E}"
EndProject
Global
	GlobalSection(SolutionConfigurationPlatforms) = preSolution
		Debug|Any CPU = Debug|Any CPU
		Release|Any CPU = Release|Any CPU
	EndGlobalSection
	GlobalSection(ProjectConfigurationPlatforms) = postSolution
		{9FBB6F8D-7351-4824-BA3F-2A49E029B09E}.Debug|Any CPU.ActiveCfg = Debug|Any CPU
		{9FBB6F8D-7351-4824-BA3F-2A49E029B09E}.Debug|Any CPU.Build.0 = Debug|Any CPU
		{9FBB6F8D-7351-4824-BA3F-2A49E029B09E}.Release|Any CPU.ActiveCfg = Release|Any CPU
		{9FBB6F8D-7351-4824-BA3F-2A49E029B09E}.Release|Any CPU.Build.0 = Release|Any CPU
	EndGlobalSection
	GlobalSection(SolutionProperties) = preSolution
		HideSolutionNode = FALSE
	EndGlobalSection
	GlobalSection(ExtensibilityGlobals) = postSolution
		SolutionGuid = {EAC1A3E9-D4C9-4EE4-9279-AB3F579A8B96}
	EndGlobalSection
EndGlobal
